// !$*UTF8*$!
{
	archiveVersion = 1;
	classes = {
	};
	objectVersion = 50;
	objects = {

/* Begin PBXBuildFile section */
		2CC0580927CBF46B65BA3114 /* Pods_Euphoria.framework in Frameworks */ = {isa = PBXBuildFile; fileRef = 35A05858C8C3D56EA48D0900 /* Pods_Euphoria.framework */; };
		DE0088262212305F00129D81 /* EUExerciseVideoViewController.swift in Sources */ = {isa = PBXBuildFile; fileRef = DE0088252212305F00129D81 /* EUExerciseVideoViewController.swift */; };
		DE00882C2212350200129D81 /* Exercises.json in Resources */ = {isa = PBXBuildFile; fileRef = DE00882B2212350200129D81 /* Exercises.json */; };
		DE3A3ACC2214ACBD003538F9 /* EUHistoryPhotoViewController.swift in Sources */ = {isa = PBXBuildFile; fileRef = DE3A3ACB2214ACBD003538F9 /* EUHistoryPhotoViewController.swift */; };
		DE4B9D622213C8CF0036664A /* EUTimerCountDownViewController.swift in Sources */ = {isa = PBXBuildFile; fileRef = DE4B9D612213C8CF0036664A /* EUTimerCountDownViewController.swift */; };
		DE4D60A9221265D900D6904C /* EUAccountViewController.swift in Sources */ = {isa = PBXBuildFile; fileRef = DE4D60A8221265D900D6904C /* EUAccountViewController.swift */; };
		DE4D60AC221268CB00D6904C /* Timer.storyboard in Resources */ = {isa = PBXBuildFile; fileRef = DE4D60AA221268CB00D6904C /* Timer.storyboard */; };
		DE4D60AF22126D5000D6904C /* EUSessionsViewController.swift in Sources */ = {isa = PBXBuildFile; fileRef = DE4D60AE22126D5000D6904C /* EUSessionsViewController.swift */; };
		DE4D60D02212815A00D6904C /* yes-1.wav in Resources */ = {isa = PBXBuildFile; fileRef = DE4D60C92212815800D6904C /* yes-1.wav */; };
		DE4D60D12212815A00D6904C /* grow-up.wav in Resources */ = {isa = PBXBuildFile; fileRef = DE4D60CA2212815800D6904C /* grow-up.wav */; };
		DE4D60D22212815A00D6904C /* got-it-1.wav in Resources */ = {isa = PBXBuildFile; fileRef = DE4D60CB2212815900D6904C /* got-it-1.wav */; };
		DE4D60D32212815A00D6904C /* do-it.wav in Resources */ = {isa = PBXBuildFile; fileRef = DE4D60CC2212815900D6904C /* do-it.wav */; };
		DE4D60D42212815A00D6904C /* too.wav in Resources */ = {isa = PBXBuildFile; fileRef = DE4D60CD2212815900D6904C /* too.wav */; };
		DE4D60D52212815A00D6904C /* got-it-2.wav in Resources */ = {isa = PBXBuildFile; fileRef = DE4D60CE2212815900D6904C /* got-it-2.wav */; };
		DE4D60D62212815A00D6904C /* yes-2.wav in Resources */ = {isa = PBXBuildFile; fileRef = DE4D60CF2212815900D6904C /* yes-2.wav */; };
		DE4D60D9221282CD00D6904C /* Activities.storyboard in Resources */ = {isa = PBXBuildFile; fileRef = DE4D60D7221282CD00D6904C /* Activities.storyboard */; };
		DE4D60DC221282E900D6904C /* History.storyboard in Resources */ = {isa = PBXBuildFile; fileRef = DE4D60DA221282E900D6904C /* History.storyboard */; };
		DE4D60DF221282FB00D6904C /* Gallery.storyboard in Resources */ = {isa = PBXBuildFile; fileRef = DE4D60DD221282FB00D6904C /* Gallery.storyboard */; };
		DE4D60E4221283C200D6904C /* EUActivitiesTableViewController.swift in Sources */ = {isa = PBXBuildFile; fileRef = DE4D60E3221283C200D6904C /* EUActivitiesTableViewController.swift */; };
		DE4D60E62212857600D6904C /* EUHistoryTableViewController.swift in Sources */ = {isa = PBXBuildFile; fileRef = DE4D60E52212857600D6904C /* EUHistoryTableViewController.swift */; };
		DE4D60E8221285B600D6904C /* EUGalleryTableViewController.swift in Sources */ = {isa = PBXBuildFile; fileRef = DE4D60E7221285B600D6904C /* EUGalleryTableViewController.swift */; };
		DE4D60EA22128AED00D6904C /* Sounds.json in Resources */ = {isa = PBXBuildFile; fileRef = DE4D60E922128AED00D6904C /* Sounds.json */; };
		DE4D60FC221294AB00D6904C /* EUTimerSetupViewController.swift in Sources */ = {isa = PBXBuildFile; fileRef = DE4D60FB221294AB00D6904C /* EUTimerSetupViewController.swift */; };
		DE4D60FE2212994200D6904C /* EUAddSessionViewController.swift in Sources */ = {isa = PBXBuildFile; fileRef = DE4D60FD2212994200D6904C /* EUAddSessionViewController.swift */; };
		DE5F6DA722103625008B4D12 /* Questionnaire2.json in Resources */ = {isa = PBXBuildFile; fileRef = DE5F6DA622103625008B4D12 /* Questionnaire2.json */; };
		DE713CB02214026200010CBE /* EUHistory.swift in Sources */ = {isa = PBXBuildFile; fileRef = DE713CAF2214026200010CBE /* EUHistory.swift */; };
		DE713CB2221404B100010CBE /* EUHistoryIndexViewController.swift in Sources */ = {isa = PBXBuildFile; fileRef = DE713CB1221404B100010CBE /* EUHistoryIndexViewController.swift */; };
		DE7EF5EB2213A5FC004D9172 /* EUShowSessionViewController.swift in Sources */ = {isa = PBXBuildFile; fileRef = DE7EF5EA2213A5FC004D9172 /* EUShowSessionViewController.swift */; };
		DE94C4E3220F74F200C4C2ED /* AppDelegate.swift in Sources */ = {isa = PBXBuildFile; fileRef = DE94C4E2220F74F200C4C2ED /* AppDelegate.swift */; };
		DE94C4E8220F74F200C4C2ED /* Main.storyboard in Resources */ = {isa = PBXBuildFile; fileRef = DE94C4E6220F74F200C4C2ED /* Main.storyboard */; };
		DE94C4EA220F74F200C4C2ED /* Assets.xcassets in Resources */ = {isa = PBXBuildFile; fileRef = DE94C4E9220F74F200C4C2ED /* Assets.xcassets */; };
		DE94C4ED220F74F200C4C2ED /* LaunchScreen.storyboard in Resources */ = {isa = PBXBuildFile; fileRef = DE94C4EB220F74F200C4C2ED /* LaunchScreen.storyboard */; };
		DE94C4F8220F74F200C4C2ED /* EuphoriaTests.swift in Sources */ = {isa = PBXBuildFile; fileRef = DE94C4F7220F74F200C4C2ED /* EuphoriaTests.swift */; };
		DE94C503220F74F200C4C2ED /* EuphoriaUITests.swift in Sources */ = {isa = PBXBuildFile; fileRef = DE94C502220F74F200C4C2ED /* EuphoriaUITests.swift */; };
		DE94C512220F764A00C4C2ED /* EUHomeTableViewController.swift in Sources */ = {isa = PBXBuildFile; fileRef = DE94C511220F764A00C4C2ED /* EUHomeTableViewController.swift */; };
		DE94C51D220F7AB000C4C2ED /* Questionnaires.storyboard in Resources */ = {isa = PBXBuildFile; fileRef = DE94C51B220F7AB000C4C2ED /* Questionnaires.storyboard */; };
		DE94C520220F7B0100C4C2ED /* EUQuestionnaireIndexTableViewController.swift in Sources */ = {isa = PBXBuildFile; fileRef = DE94C51F220F7B0100C4C2ED /* EUQuestionnaireIndexTableViewController.swift */; };
		DE94C523220F7C1B00C4C2ED /* UIViewController+.swift in Sources */ = {isa = PBXBuildFile; fileRef = DE94C522220F7C1B00C4C2ED /* UIViewController+.swift */; };
		DE94C526220F7CD400C4C2ED /* Enums.swift in Sources */ = {isa = PBXBuildFile; fileRef = DE94C525220F7CD400C4C2ED /* Enums.swift */; };
		DE94C528220F801900C4C2ED /* UIImage+.swift in Sources */ = {isa = PBXBuildFile; fileRef = DE94C527220F801900C4C2ED /* UIImage+.swift */; };
		DE94C52A220F833D00C4C2ED /* EUQuestionnaireViewController.swift in Sources */ = {isa = PBXBuildFile; fileRef = DE94C529220F833D00C4C2ED /* EUQuestionnaireViewController.swift */; };
		DE94C531220F951300C4C2ED /* String+.swift in Sources */ = {isa = PBXBuildFile; fileRef = DE94C530220F951300C4C2ED /* String+.swift */; };
		DE94C56D220FA4E300C4C2ED /* UITextField+.swift in Sources */ = {isa = PBXBuildFile; fileRef = DE94C56C220FA4E300C4C2ED /* UITextField+.swift */; };
		DE94C56F220FA50600C4C2ED /* UIColor+.swift in Sources */ = {isa = PBXBuildFile; fileRef = DE94C56E220FA50600C4C2ED /* UIColor+.swift */; };
		DE94C5B1220FC00700C4C2ED /* Euphoria.xcdatamodeld in Sources */ = {isa = PBXBuildFile; fileRef = DE94C5AF220FC00700C4C2ED /* Euphoria.xcdatamodeld */; };
		DE94C60A220FD09800C4C2ED /* Questionnaire1.json in Resources */ = {isa = PBXBuildFile; fileRef = DE94C609220FD09800C4C2ED /* Questionnaire1.json */; };
		DE9B730E2213EF2E00E82CFD /* EUVideosIndexTableViewController.swift in Sources */ = {isa = PBXBuildFile; fileRef = DE9B730D2213EF2E00E82CFD /* EUVideosIndexTableViewController.swift */; };
		DE9B73102213F03900E82CFD /* Videos.json in Resources */ = {isa = PBXBuildFile; fileRef = DE9B730F2213F03900E82CFD /* Videos.json */; };
		DE9B73122213F0EF00E82CFD /* EUVideosViewController.swift in Sources */ = {isa = PBXBuildFile; fileRef = DE9B73112213F0EF00E82CFD /* EUVideosViewController.swift */; };
		DE9B73142213F10F00E82CFD /* EUVideoViewController.swift in Sources */ = {isa = PBXBuildFile; fileRef = DE9B73132213F10F00E82CFD /* EUVideoViewController.swift */; };
		DE9B73272213F23B00E82CFD /* Video+CoreDataClass.swift in Sources */ = {isa = PBXBuildFile; fileRef = DE9B73152213F23B00E82CFD /* Video+CoreDataClass.swift */; };
		DE9B73282213F23B00E82CFD /* Video+CoreDataProperties.swift in Sources */ = {isa = PBXBuildFile; fileRef = DE9B73162213F23B00E82CFD /* Video+CoreDataProperties.swift */; };
		DE9B73292213F23B00E82CFD /* Sound+CoreDataClass.swift in Sources */ = {isa = PBXBuildFile; fileRef = DE9B73172213F23B00E82CFD /* Sound+CoreDataClass.swift */; };
		DE9B732A2213F23B00E82CFD /* Sound+CoreDataProperties.swift in Sources */ = {isa = PBXBuildFile; fileRef = DE9B73182213F23B00E82CFD /* Sound+CoreDataProperties.swift */; };
		DE9B732D2213F23B00E82CFD /* Questionnaire+CoreDataClass.swift in Sources */ = {isa = PBXBuildFile; fileRef = DE9B731B2213F23B00E82CFD /* Questionnaire+CoreDataClass.swift */; };
		DE9B732E2213F23B00E82CFD /* Questionnaire+CoreDataProperties.swift in Sources */ = {isa = PBXBuildFile; fileRef = DE9B731C2213F23B00E82CFD /* Questionnaire+CoreDataProperties.swift */; };
		DE9B732F2213F23B00E82CFD /* Option+CoreDataClass.swift in Sources */ = {isa = PBXBuildFile; fileRef = DE9B731D2213F23B00E82CFD /* Option+CoreDataClass.swift */; };
		DE9B73302213F23B00E82CFD /* Option+CoreDataProperties.swift in Sources */ = {isa = PBXBuildFile; fileRef = DE9B731E2213F23B00E82CFD /* Option+CoreDataProperties.swift */; };
		DE9B73312213F23B00E82CFD /* Session+CoreDataClass.swift in Sources */ = {isa = PBXBuildFile; fileRef = DE9B731F2213F23B00E82CFD /* Session+CoreDataClass.swift */; };
		DE9B73322213F23B00E82CFD /* Session+CoreDataProperties.swift in Sources */ = {isa = PBXBuildFile; fileRef = DE9B73202213F23B00E82CFD /* Session+CoreDataProperties.swift */; };
		DE9B73332213F23B00E82CFD /* Stop+CoreDataClass.swift in Sources */ = {isa = PBXBuildFile; fileRef = DE9B73212213F23B00E82CFD /* Stop+CoreDataClass.swift */; };
		DE9B73342213F23B00E82CFD /* Stop+CoreDataProperties.swift in Sources */ = {isa = PBXBuildFile; fileRef = DE9B73222213F23B00E82CFD /* Stop+CoreDataProperties.swift */; };
		DE9B73352213F23B00E82CFD /* Exercises+CoreDataClass.swift in Sources */ = {isa = PBXBuildFile; fileRef = DE9B73232213F23B00E82CFD /* Exercises+CoreDataClass.swift */; };
		DE9B73362213F23B00E82CFD /* Exercises+CoreDataProperties.swift in Sources */ = {isa = PBXBuildFile; fileRef = DE9B73242213F23B00E82CFD /* Exercises+CoreDataProperties.swift */; };
		DE9B73372213F23B00E82CFD /* Questionnaires+CoreDataClass.swift in Sources */ = {isa = PBXBuildFile; fileRef = DE9B73252213F23B00E82CFD /* Questionnaires+CoreDataClass.swift */; };
		DE9B73382213F23B00E82CFD /* Questionnaires+CoreDataProperties.swift in Sources */ = {isa = PBXBuildFile; fileRef = DE9B73262213F23B00E82CFD /* Questionnaires+CoreDataProperties.swift */; };
		DE9B733B2213F2D200E82CFD /* Videos+CoreDataClass.swift in Sources */ = {isa = PBXBuildFile; fileRef = DE9B73392213F2D200E82CFD /* Videos+CoreDataClass.swift */; };
		DE9B733C2213F2D200E82CFD /* Videos+CoreDataProperties.swift in Sources */ = {isa = PBXBuildFile; fileRef = DE9B733A2213F2D200E82CFD /* Videos+CoreDataProperties.swift */; };
		DE9B733E2213F66000E82CFD /* VideoContainer.swift in Sources */ = {isa = PBXBuildFile; fileRef = DE9B733D2213F66000E82CFD /* VideoContainer.swift */; };
		DEA151FA221367CE0035F7D5 /* GSTimeIntervalPicker.m in Sources */ = {isa = PBXBuildFile; fileRef = DEA151F8221367CE0035F7D5 /* GSTimeIntervalPicker.m */; };
		DEA1520022137E3C0035F7D5 /* ResponderTableViewCell.swift in Sources */ = {isa = PBXBuildFile; fileRef = DEA151FF22137E3C0035F7D5 /* ResponderTableViewCell.swift */; };
		DEA1521F221389A10035F7D5 /* EUSoundsViewController.swift in Sources */ = {isa = PBXBuildFile; fileRef = DEA1521E221389A10035F7D5 /* EUSoundsViewController.swift */; };
		DEA8322122107AB30000BD43 /* Questionnaire3.json in Resources */ = {isa = PBXBuildFile; fileRef = DEA8322022107AB30000BD43 /* Questionnaire3.json */; };
		DEA83223221133930000BD43 /* Questionnaire4.json in Resources */ = {isa = PBXBuildFile; fileRef = DEA83222221133930000BD43 /* Questionnaire4.json */; };
		DEA83225221134C30000BD43 /* Questionnaire5.json in Resources */ = {isa = PBXBuildFile; fileRef = DEA83224221134C30000BD43 /* Questionnaire5.json */; };
		DEA83228221139440000BD43 /* EUConcentViewController.swift in Sources */ = {isa = PBXBuildFile; fileRef = DEA83227221139440000BD43 /* EUConcentViewController.swift */; };
		DEA8322B221139750000BD43 /* Login.storyboard in Resources */ = {isa = PBXBuildFile; fileRef = DEA83229221139750000BD43 /* Login.storyboard */; };
		DEA8322D22113A750000BD43 /* Concent.html in Resources */ = {isa = PBXBuildFile; fileRef = DEA8322C22113A750000BD43 /* Concent.html */; };
		DEA8323122113D090000BD43 /* EULoginViewController.swift in Sources */ = {isa = PBXBuildFile; fileRef = DEA8323022113D090000BD43 /* EULoginViewController.swift */; };
		DEA83234221142B80000BD43 /* Diet.storyboard in Resources */ = {isa = PBXBuildFile; fileRef = DEA83232221142B80000BD43 /* Diet.storyboard */; };
		DEA83238221146E30000BD43 /* EUDietIndexTableViewController.swift in Sources */ = {isa = PBXBuildFile; fileRef = DEA83237221146E30000BD43 /* EUDietIndexTableViewController.swift */; };
		DEA8323B221154740000BD43 /* Exercises.storyboard in Resources */ = {isa = PBXBuildFile; fileRef = DEA83239221154740000BD43 /* Exercises.storyboard */; };
		DEA8323E221154F50000BD43 /* EUExercisesIndexTableViewController.swift in Sources */ = {isa = PBXBuildFile; fileRef = DEA8323D221154F50000BD43 /* EUExercisesIndexTableViewController.swift */; };
		DEA83240221159A30000BD43 /* EUExercisesViewController.swift in Sources */ = {isa = PBXBuildFile; fileRef = DEA8323F221159A30000BD43 /* EUExercisesViewController.swift */; };
		DEA8324322115E3F0000BD43 /* EUVideosListCell.swift in Sources */ = {isa = PBXBuildFile; fileRef = DEA8324222115E3F0000BD43 /* EUVideosListCell.swift */; };
		DED5D5B2220FD37900CDE1AD /* CoreDataHelper.swift in Sources */ = {isa = PBXBuildFile; fileRef = DED5D5B1220FD37900CDE1AD /* CoreDataHelper.swift */; };
		DED5D5B4220FD52400CDE1AD /* Constants.swift in Sources */ = {isa = PBXBuildFile; fileRef = DED5D5B3220FD52400CDE1AD /* Constants.swift */; };
		DEE7F73B2214CE7900098F21 /* Response.swift in Sources */ = {isa = PBXBuildFile; fileRef = DEE7F7382214CE7900098F21 /* Response.swift */; };
		DEE7F73C2214CE7900098F21 /* Router.swift in Sources */ = {isa = PBXBuildFile; fileRef = DEE7F7392214CE7900098F21 /* Router.swift */; };
		DEE7F73D2214CE7900098F21 /* APIManager.swift in Sources */ = {isa = PBXBuildFile; fileRef = DEE7F73A2214CE7900098F21 /* APIManager.swift */; };
		DEE7F73F2214CEA000098F21 /* URLRequest+.swift in Sources */ = {isa = PBXBuildFile; fileRef = DEE7F73E2214CEA000098F21 /* URLRequest+.swift */; };
		DEE7F7412214D07300098F21 /* FacebookHelper.swift in Sources */ = {isa = PBXBuildFile; fileRef = DEE7F7402214D07300098F21 /* FacebookHelper.swift */; };
		DEE7F7432214D09100098F21 /* EUUser.swift in Sources */ = {isa = PBXBuildFile; fileRef = DEE7F7422214D09100098F21 /* EUUser.swift */; };
		DEE7F7462214D3E300098F21 /* EURegistrationViewController.swift in Sources */ = {isa = PBXBuildFile; fileRef = DEE7F7452214D3E300098F21 /* EURegistrationViewController.swift */; };
		DEFB2CAB2212AB6600F2188C /* EUSession.swift in Sources */ = {isa = PBXBuildFile; fileRef = DEFB2CAA2212AB6600F2188C /* EUSession.swift */; };
/* End PBXBuildFile section */

/* Begin PBXContainerItemProxy section */
		DE94C4F4220F74F200C4C2ED /* PBXContainerItemProxy */ = {
			isa = PBXContainerItemProxy;
			containerPortal = DE94C4D7220F74F200C4C2ED /* Project object */;
			proxyType = 1;
			remoteGlobalIDString = DE94C4DE220F74F200C4C2ED;
			remoteInfo = Euphoria;
		};
		DE94C4FF220F74F200C4C2ED /* PBXContainerItemProxy */ = {
			isa = PBXContainerItemProxy;
			containerPortal = DE94C4D7220F74F200C4C2ED /* Project object */;
			proxyType = 1;
			remoteGlobalIDString = DE94C4DE220F74F200C4C2ED;
			remoteInfo = Euphoria;
		};
/* End PBXContainerItemProxy section */

/* Begin PBXFileReference section */
		00B5286AB675DFFB5E761486 /* Pods-Euphoria.debug.xcconfig */ = {isa = PBXFileReference; includeInIndex = 1; lastKnownFileType = text.xcconfig; name = "Pods-Euphoria.debug.xcconfig"; path = "Pods/Target Support Files/Pods-Euphoria/Pods-Euphoria.debug.xcconfig"; sourceTree = "<group>"; };
		35A05858C8C3D56EA48D0900 /* Pods_Euphoria.framework */ = {isa = PBXFileReference; explicitFileType = wrapper.framework; includeInIndex = 0; path = Pods_Euphoria.framework; sourceTree = BUILT_PRODUCTS_DIR; };
		BE52ACBEF78299081CC944F8 /* Pods-Euphoria.release.xcconfig */ = {isa = PBXFileReference; includeInIndex = 1; lastKnownFileType = text.xcconfig; name = "Pods-Euphoria.release.xcconfig"; path = "Pods/Target Support Files/Pods-Euphoria/Pods-Euphoria.release.xcconfig"; sourceTree = "<group>"; };
		DE0088252212305F00129D81 /* EUExerciseVideoViewController.swift */ = {isa = PBXFileReference; lastKnownFileType = sourcecode.swift; path = EUExerciseVideoViewController.swift; sourceTree = "<group>"; };
		DE00882B2212350200129D81 /* Exercises.json */ = {isa = PBXFileReference; fileEncoding = 4; lastKnownFileType = text.json; path = Exercises.json; sourceTree = "<group>"; };
		DE3A3ACB2214ACBD003538F9 /* EUHistoryPhotoViewController.swift */ = {isa = PBXFileReference; lastKnownFileType = sourcecode.swift; path = EUHistoryPhotoViewController.swift; sourceTree = "<group>"; };
		DE4B9D612213C8CF0036664A /* EUTimerCountDownViewController.swift */ = {isa = PBXFileReference; lastKnownFileType = sourcecode.swift; path = EUTimerCountDownViewController.swift; sourceTree = "<group>"; };
		DE4D60A8221265D900D6904C /* EUAccountViewController.swift */ = {isa = PBXFileReference; fileEncoding = 4; lastKnownFileType = sourcecode.swift; path = EUAccountViewController.swift; sourceTree = "<group>"; };
		DE4D60AB221268CB00D6904C /* Base */ = {isa = PBXFileReference; lastKnownFileType = file.storyboard; name = Base; path = Base.lproj/Timer.storyboard; sourceTree = "<group>"; };
		DE4D60AE22126D5000D6904C /* EUSessionsViewController.swift */ = {isa = PBXFileReference; lastKnownFileType = sourcecode.swift; path = EUSessionsViewController.swift; sourceTree = "<group>"; };
		DE4D60C92212815800D6904C /* yes-1.wav */ = {isa = PBXFileReference; lastKnownFileType = audio.wav; path = "yes-1.wav"; sourceTree = "<group>"; };
		DE4D60CA2212815800D6904C /* grow-up.wav */ = {isa = PBXFileReference; lastKnownFileType = audio.wav; path = "grow-up.wav"; sourceTree = "<group>"; };
		DE4D60CB2212815900D6904C /* got-it-1.wav */ = {isa = PBXFileReference; lastKnownFileType = audio.wav; path = "got-it-1.wav"; sourceTree = "<group>"; };
		DE4D60CC2212815900D6904C /* do-it.wav */ = {isa = PBXFileReference; lastKnownFileType = audio.wav; path = "do-it.wav"; sourceTree = "<group>"; };
		DE4D60CD2212815900D6904C /* too.wav */ = {isa = PBXFileReference; lastKnownFileType = audio.wav; path = too.wav; sourceTree = "<group>"; };
		DE4D60CE2212815900D6904C /* got-it-2.wav */ = {isa = PBXFileReference; lastKnownFileType = audio.wav; path = "got-it-2.wav"; sourceTree = "<group>"; };
		DE4D60CF2212815900D6904C /* yes-2.wav */ = {isa = PBXFileReference; lastKnownFileType = audio.wav; path = "yes-2.wav"; sourceTree = "<group>"; };
		DE4D60D8221282CD00D6904C /* Base */ = {isa = PBXFileReference; lastKnownFileType = file.storyboard; name = Base; path = Base.lproj/Activities.storyboard; sourceTree = "<group>"; };
		DE4D60DB221282E900D6904C /* Base */ = {isa = PBXFileReference; lastKnownFileType = file.storyboard; name = Base; path = Base.lproj/History.storyboard; sourceTree = "<group>"; };
		DE4D60DE221282FB00D6904C /* Base */ = {isa = PBXFileReference; lastKnownFileType = file.storyboard; name = Base; path = Base.lproj/Gallery.storyboard; sourceTree = "<group>"; };
		DE4D60E3221283C200D6904C /* EUActivitiesTableViewController.swift */ = {isa = PBXFileReference; lastKnownFileType = sourcecode.swift; path = EUActivitiesTableViewController.swift; sourceTree = "<group>"; };
		DE4D60E52212857600D6904C /* EUHistoryTableViewController.swift */ = {isa = PBXFileReference; lastKnownFileType = sourcecode.swift; path = EUHistoryTableViewController.swift; sourceTree = "<group>"; };
		DE4D60E7221285B600D6904C /* EUGalleryTableViewController.swift */ = {isa = PBXFileReference; lastKnownFileType = sourcecode.swift; path = EUGalleryTableViewController.swift; sourceTree = "<group>"; };
		DE4D60E922128AED00D6904C /* Sounds.json */ = {isa = PBXFileReference; fileEncoding = 4; lastKnownFileType = text.json; path = Sounds.json; sourceTree = "<group>"; };
		DE4D60FB221294AB00D6904C /* EUTimerSetupViewController.swift */ = {isa = PBXFileReference; lastKnownFileType = sourcecode.swift; path = EUTimerSetupViewController.swift; sourceTree = "<group>"; };
		DE4D60FD2212994200D6904C /* EUAddSessionViewController.swift */ = {isa = PBXFileReference; lastKnownFileType = sourcecode.swift; path = EUAddSessionViewController.swift; sourceTree = "<group>"; };
		DE5F6DA622103625008B4D12 /* Questionnaire2.json */ = {isa = PBXFileReference; fileEncoding = 4; lastKnownFileType = text.json; path = Questionnaire2.json; sourceTree = "<group>"; };
		DE713CAF2214026200010CBE /* EUHistory.swift */ = {isa = PBXFileReference; lastKnownFileType = sourcecode.swift; path = EUHistory.swift; sourceTree = "<group>"; };
		DE713CB1221404B100010CBE /* EUHistoryIndexViewController.swift */ = {isa = PBXFileReference; lastKnownFileType = sourcecode.swift; path = EUHistoryIndexViewController.swift; sourceTree = "<group>"; };
		DE7EF5EA2213A5FC004D9172 /* EUShowSessionViewController.swift */ = {isa = PBXFileReference; lastKnownFileType = sourcecode.swift; path = EUShowSessionViewController.swift; sourceTree = "<group>"; };
		DE94C4DF220F74F200C4C2ED /* Euphoria.app */ = {isa = PBXFileReference; explicitFileType = wrapper.application; includeInIndex = 0; path = Euphoria.app; sourceTree = BUILT_PRODUCTS_DIR; };
		DE94C4E2220F74F200C4C2ED /* AppDelegate.swift */ = {isa = PBXFileReference; lastKnownFileType = sourcecode.swift; path = AppDelegate.swift; sourceTree = "<group>"; };
		DE94C4E7220F74F200C4C2ED /* Base */ = {isa = PBXFileReference; lastKnownFileType = file.storyboard; name = Base; path = Base.lproj/Main.storyboard; sourceTree = "<group>"; };
		DE94C4E9220F74F200C4C2ED /* Assets.xcassets */ = {isa = PBXFileReference; lastKnownFileType = folder.assetcatalog; path = Assets.xcassets; sourceTree = "<group>"; };
		DE94C4EC220F74F200C4C2ED /* Base */ = {isa = PBXFileReference; lastKnownFileType = file.storyboard; name = Base; path = Base.lproj/LaunchScreen.storyboard; sourceTree = "<group>"; };
		DE94C4EE220F74F200C4C2ED /* Info.plist */ = {isa = PBXFileReference; lastKnownFileType = text.plist.xml; path = Info.plist; sourceTree = "<group>"; };
		DE94C4F3220F74F200C4C2ED /* EuphoriaTests.xctest */ = {isa = PBXFileReference; explicitFileType = wrapper.cfbundle; includeInIndex = 0; path = EuphoriaTests.xctest; sourceTree = BUILT_PRODUCTS_DIR; };
		DE94C4F7220F74F200C4C2ED /* EuphoriaTests.swift */ = {isa = PBXFileReference; lastKnownFileType = sourcecode.swift; path = EuphoriaTests.swift; sourceTree = "<group>"; };
		DE94C4F9220F74F200C4C2ED /* Info.plist */ = {isa = PBXFileReference; lastKnownFileType = text.plist.xml; path = Info.plist; sourceTree = "<group>"; };
		DE94C4FE220F74F200C4C2ED /* EuphoriaUITests.xctest */ = {isa = PBXFileReference; explicitFileType = wrapper.cfbundle; includeInIndex = 0; path = EuphoriaUITests.xctest; sourceTree = BUILT_PRODUCTS_DIR; };
		DE94C502220F74F200C4C2ED /* EuphoriaUITests.swift */ = {isa = PBXFileReference; lastKnownFileType = sourcecode.swift; path = EuphoriaUITests.swift; sourceTree = "<group>"; };
		DE94C504220F74F200C4C2ED /* Info.plist */ = {isa = PBXFileReference; lastKnownFileType = text.plist.xml; path = Info.plist; sourceTree = "<group>"; };
		DE94C511220F764A00C4C2ED /* EUHomeTableViewController.swift */ = {isa = PBXFileReference; lastKnownFileType = sourcecode.swift; path = EUHomeTableViewController.swift; sourceTree = "<group>"; };
		DE94C51C220F7AB000C4C2ED /* Base */ = {isa = PBXFileReference; lastKnownFileType = file.storyboard; name = Base; path = Base.lproj/Questionnaires.storyboard; sourceTree = "<group>"; };
		DE94C51F220F7B0100C4C2ED /* EUQuestionnaireIndexTableViewController.swift */ = {isa = PBXFileReference; lastKnownFileType = sourcecode.swift; path = EUQuestionnaireIndexTableViewController.swift; sourceTree = "<group>"; };
		DE94C522220F7C1B00C4C2ED /* UIViewController+.swift */ = {isa = PBXFileReference; lastKnownFileType = sourcecode.swift; path = "UIViewController+.swift"; sourceTree = "<group>"; };
		DE94C525220F7CD400C4C2ED /* Enums.swift */ = {isa = PBXFileReference; lastKnownFileType = sourcecode.swift; path = Enums.swift; sourceTree = "<group>"; };
		DE94C527220F801900C4C2ED /* UIImage+.swift */ = {isa = PBXFileReference; lastKnownFileType = sourcecode.swift; path = "UIImage+.swift"; sourceTree = "<group>"; };
		DE94C529220F833D00C4C2ED /* EUQuestionnaireViewController.swift */ = {isa = PBXFileReference; lastKnownFileType = sourcecode.swift; path = EUQuestionnaireViewController.swift; sourceTree = "<group>"; };
		DE94C530220F951300C4C2ED /* String+.swift */ = {isa = PBXFileReference; lastKnownFileType = sourcecode.swift; path = "String+.swift"; sourceTree = "<group>"; };
		DE94C56C220FA4E300C4C2ED /* UITextField+.swift */ = {isa = PBXFileReference; lastKnownFileType = sourcecode.swift; path = "UITextField+.swift"; sourceTree = "<group>"; };
		DE94C56E220FA50600C4C2ED /* UIColor+.swift */ = {isa = PBXFileReference; lastKnownFileType = sourcecode.swift; path = "UIColor+.swift"; sourceTree = "<group>"; };
		DE94C5B0220FC00700C4C2ED /* Euphoria.xcdatamodel */ = {isa = PBXFileReference; lastKnownFileType = wrapper.xcdatamodel; path = Euphoria.xcdatamodel; sourceTree = "<group>"; };
		DE94C609220FD09800C4C2ED /* Questionnaire1.json */ = {isa = PBXFileReference; fileEncoding = 4; lastKnownFileType = text.json; path = Questionnaire1.json; sourceTree = "<group>"; };
		DE9B730D2213EF2E00E82CFD /* EUVideosIndexTableViewController.swift */ = {isa = PBXFileReference; lastKnownFileType = sourcecode.swift; path = EUVideosIndexTableViewController.swift; sourceTree = "<group>"; };
		DE9B730F2213F03900E82CFD /* Videos.json */ = {isa = PBXFileReference; fileEncoding = 4; lastKnownFileType = text.json; path = Videos.json; sourceTree = "<group>"; };
		DE9B73112213F0EF00E82CFD /* EUVideosViewController.swift */ = {isa = PBXFileReference; lastKnownFileType = sourcecode.swift; path = EUVideosViewController.swift; sourceTree = "<group>"; };
		DE9B73132213F10F00E82CFD /* EUVideoViewController.swift */ = {isa = PBXFileReference; lastKnownFileType = sourcecode.swift; path = EUVideoViewController.swift; sourceTree = "<group>"; };
		DE9B73152213F23B00E82CFD /* Video+CoreDataClass.swift */ = {isa = PBXFileReference; lastKnownFileType = sourcecode.swift; path = "Video+CoreDataClass.swift"; sourceTree = "<group>"; };
		DE9B73162213F23B00E82CFD /* Video+CoreDataProperties.swift */ = {isa = PBXFileReference; lastKnownFileType = sourcecode.swift; path = "Video+CoreDataProperties.swift"; sourceTree = "<group>"; };
		DE9B73172213F23B00E82CFD /* Sound+CoreDataClass.swift */ = {isa = PBXFileReference; lastKnownFileType = sourcecode.swift; path = "Sound+CoreDataClass.swift"; sourceTree = "<group>"; };
		DE9B73182213F23B00E82CFD /* Sound+CoreDataProperties.swift */ = {isa = PBXFileReference; lastKnownFileType = sourcecode.swift; path = "Sound+CoreDataProperties.swift"; sourceTree = "<group>"; };
		DE9B731B2213F23B00E82CFD /* Questionnaire+CoreDataClass.swift */ = {isa = PBXFileReference; lastKnownFileType = sourcecode.swift; path = "Questionnaire+CoreDataClass.swift"; sourceTree = "<group>"; };
		DE9B731C2213F23B00E82CFD /* Questionnaire+CoreDataProperties.swift */ = {isa = PBXFileReference; lastKnownFileType = sourcecode.swift; path = "Questionnaire+CoreDataProperties.swift"; sourceTree = "<group>"; };
		DE9B731D2213F23B00E82CFD /* Option+CoreDataClass.swift */ = {isa = PBXFileReference; lastKnownFileType = sourcecode.swift; path = "Option+CoreDataClass.swift"; sourceTree = "<group>"; };
		DE9B731E2213F23B00E82CFD /* Option+CoreDataProperties.swift */ = {isa = PBXFileReference; lastKnownFileType = sourcecode.swift; path = "Option+CoreDataProperties.swift"; sourceTree = "<group>"; };
		DE9B731F2213F23B00E82CFD /* Session+CoreDataClass.swift */ = {isa = PBXFileReference; lastKnownFileType = sourcecode.swift; path = "Session+CoreDataClass.swift"; sourceTree = "<group>"; };
		DE9B73202213F23B00E82CFD /* Session+CoreDataProperties.swift */ = {isa = PBXFileReference; lastKnownFileType = sourcecode.swift; path = "Session+CoreDataProperties.swift"; sourceTree = "<group>"; };
		DE9B73212213F23B00E82CFD /* Stop+CoreDataClass.swift */ = {isa = PBXFileReference; lastKnownFileType = sourcecode.swift; path = "Stop+CoreDataClass.swift"; sourceTree = "<group>"; };
		DE9B73222213F23B00E82CFD /* Stop+CoreDataProperties.swift */ = {isa = PBXFileReference; lastKnownFileType = sourcecode.swift; path = "Stop+CoreDataProperties.swift"; sourceTree = "<group>"; };
		DE9B73232213F23B00E82CFD /* Exercises+CoreDataClass.swift */ = {isa = PBXFileReference; lastKnownFileType = sourcecode.swift; path = "Exercises+CoreDataClass.swift"; sourceTree = "<group>"; };
		DE9B73242213F23B00E82CFD /* Exercises+CoreDataProperties.swift */ = {isa = PBXFileReference; lastKnownFileType = sourcecode.swift; path = "Exercises+CoreDataProperties.swift"; sourceTree = "<group>"; };
		DE9B73252213F23B00E82CFD /* Questionnaires+CoreDataClass.swift */ = {isa = PBXFileReference; lastKnownFileType = sourcecode.swift; path = "Questionnaires+CoreDataClass.swift"; sourceTree = "<group>"; };
		DE9B73262213F23B00E82CFD /* Questionnaires+CoreDataProperties.swift */ = {isa = PBXFileReference; lastKnownFileType = sourcecode.swift; path = "Questionnaires+CoreDataProperties.swift"; sourceTree = "<group>"; };
		DE9B73392213F2D200E82CFD /* Videos+CoreDataClass.swift */ = {isa = PBXFileReference; lastKnownFileType = sourcecode.swift; path = "Videos+CoreDataClass.swift"; sourceTree = "<group>"; };
		DE9B733A2213F2D200E82CFD /* Videos+CoreDataProperties.swift */ = {isa = PBXFileReference; lastKnownFileType = sourcecode.swift; path = "Videos+CoreDataProperties.swift"; sourceTree = "<group>"; };
		DE9B733D2213F66000E82CFD /* VideoContainer.swift */ = {isa = PBXFileReference; lastKnownFileType = sourcecode.swift; path = VideoContainer.swift; sourceTree = "<group>"; };
		DEA151F4221367B70035F7D5 /* Euphoria-Bridging-Header.h */ = {isa = PBXFileReference; lastKnownFileType = sourcecode.c.h; path = "Euphoria-Bridging-Header.h"; sourceTree = "<group>"; };
		DEA151F8221367CE0035F7D5 /* GSTimeIntervalPicker.m */ = {isa = PBXFileReference; fileEncoding = 4; lastKnownFileType = sourcecode.c.objc; path = GSTimeIntervalPicker.m; sourceTree = "<group>"; };
		DEA151F9221367CE0035F7D5 /* GSTimeIntervalPicker.h */ = {isa = PBXFileReference; fileEncoding = 4; lastKnownFileType = sourcecode.c.h; path = GSTimeIntervalPicker.h; sourceTree = "<group>"; };
		DEA151FF22137E3C0035F7D5 /* ResponderTableViewCell.swift */ = {isa = PBXFileReference; lastKnownFileType = sourcecode.swift; path = ResponderTableViewCell.swift; sourceTree = "<group>"; };
		DEA1521E221389A10035F7D5 /* EUSoundsViewController.swift */ = {isa = PBXFileReference; lastKnownFileType = sourcecode.swift; path = EUSoundsViewController.swift; sourceTree = "<group>"; };
		DEA8322022107AB30000BD43 /* Questionnaire3.json */ = {isa = PBXFileReference; fileEncoding = 4; lastKnownFileType = text.json; path = Questionnaire3.json; sourceTree = "<group>"; };
		DEA83222221133930000BD43 /* Questionnaire4.json */ = {isa = PBXFileReference; fileEncoding = 4; lastKnownFileType = text.json; path = Questionnaire4.json; sourceTree = "<group>"; };
		DEA83224221134C30000BD43 /* Questionnaire5.json */ = {isa = PBXFileReference; fileEncoding = 4; lastKnownFileType = text.json; path = Questionnaire5.json; sourceTree = "<group>"; };
		DEA83227221139440000BD43 /* EUConcentViewController.swift */ = {isa = PBXFileReference; lastKnownFileType = sourcecode.swift; path = EUConcentViewController.swift; sourceTree = "<group>"; };
		DEA8322A221139750000BD43 /* Base */ = {isa = PBXFileReference; lastKnownFileType = file.storyboard; name = Base; path = Base.lproj/Login.storyboard; sourceTree = "<group>"; };
		DEA8322C22113A750000BD43 /* Concent.html */ = {isa = PBXFileReference; fileEncoding = 4; lastKnownFileType = text.html; path = Concent.html; sourceTree = "<group>"; };
		DEA8323022113D090000BD43 /* EULoginViewController.swift */ = {isa = PBXFileReference; lastKnownFileType = sourcecode.swift; path = EULoginViewController.swift; sourceTree = "<group>"; };
		DEA83233221142B80000BD43 /* Base */ = {isa = PBXFileReference; lastKnownFileType = file.storyboard; name = Base; path = Base.lproj/Diet.storyboard; sourceTree = "<group>"; };
		DEA83237221146E30000BD43 /* EUDietIndexTableViewController.swift */ = {isa = PBXFileReference; lastKnownFileType = sourcecode.swift; path = EUDietIndexTableViewController.swift; sourceTree = "<group>"; };
		DEA8323A221154740000BD43 /* Base */ = {isa = PBXFileReference; lastKnownFileType = file.storyboard; name = Base; path = Base.lproj/Exercises.storyboard; sourceTree = "<group>"; };
		DEA8323D221154F50000BD43 /* EUExercisesIndexTableViewController.swift */ = {isa = PBXFileReference; lastKnownFileType = sourcecode.swift; path = EUExercisesIndexTableViewController.swift; sourceTree = "<group>"; };
		DEA8323F221159A30000BD43 /* EUExercisesViewController.swift */ = {isa = PBXFileReference; lastKnownFileType = sourcecode.swift; path = EUExercisesViewController.swift; sourceTree = "<group>"; };
		DEA8324222115E3F0000BD43 /* EUVideosListCell.swift */ = {isa = PBXFileReference; lastKnownFileType = sourcecode.swift; path = EUVideosListCell.swift; sourceTree = "<group>"; };
		DED5D5B1220FD37900CDE1AD /* CoreDataHelper.swift */ = {isa = PBXFileReference; lastKnownFileType = sourcecode.swift; path = CoreDataHelper.swift; sourceTree = "<group>"; };
		DED5D5B3220FD52400CDE1AD /* Constants.swift */ = {isa = PBXFileReference; lastKnownFileType = sourcecode.swift; path = Constants.swift; sourceTree = "<group>"; };
		DEE7F7382214CE7900098F21 /* Response.swift */ = {isa = PBXFileReference; fileEncoding = 4; lastKnownFileType = sourcecode.swift; path = Response.swift; sourceTree = "<group>"; };
		DEE7F7392214CE7900098F21 /* Router.swift */ = {isa = PBXFileReference; fileEncoding = 4; lastKnownFileType = sourcecode.swift; path = Router.swift; sourceTree = "<group>"; };
		DEE7F73A2214CE7900098F21 /* APIManager.swift */ = {isa = PBXFileReference; fileEncoding = 4; lastKnownFileType = sourcecode.swift; path = APIManager.swift; sourceTree = "<group>"; };
		DEE7F73E2214CEA000098F21 /* URLRequest+.swift */ = {isa = PBXFileReference; fileEncoding = 4; lastKnownFileType = sourcecode.swift; path = "URLRequest+.swift"; sourceTree = "<group>"; };
		DEE7F7402214D07300098F21 /* FacebookHelper.swift */ = {isa = PBXFileReference; fileEncoding = 4; lastKnownFileType = sourcecode.swift; path = FacebookHelper.swift; sourceTree = "<group>"; };
		DEE7F7422214D09100098F21 /* EUUser.swift */ = {isa = PBXFileReference; fileEncoding = 4; lastKnownFileType = sourcecode.swift; path = EUUser.swift; sourceTree = "<group>"; };
		DEE7F7452214D3E300098F21 /* EURegistrationViewController.swift */ = {isa = PBXFileReference; fileEncoding = 4; lastKnownFileType = sourcecode.swift; path = EURegistrationViewController.swift; sourceTree = "<group>"; };
		DEFB2CAA2212AB6600F2188C /* EUSession.swift */ = {isa = PBXFileReference; lastKnownFileType = sourcecode.swift; path = EUSession.swift; sourceTree = "<group>"; };
/* End PBXFileReference section */

/* Begin PBXFrameworksBuildPhase section */
		DE94C4DC220F74F200C4C2ED /* Frameworks */ = {
			isa = PBXFrameworksBuildPhase;
			buildActionMask = 2147483647;
			files = (
				2CC0580927CBF46B65BA3114 /* Pods_Euphoria.framework in Frameworks */,
			);
			runOnlyForDeploymentPostprocessing = 0;
		};
		DE94C4F0220F74F200C4C2ED /* Frameworks */ = {
			isa = PBXFrameworksBuildPhase;
			buildActionMask = 2147483647;
			files = (
			);
			runOnlyForDeploymentPostprocessing = 0;
		};
		DE94C4FB220F74F200C4C2ED /* Frameworks */ = {
			isa = PBXFrameworksBuildPhase;
			buildActionMask = 2147483647;
			files = (
			);
			runOnlyForDeploymentPostprocessing = 0;
		};
/* End PBXFrameworksBuildPhase section */

/* Begin PBXGroup section */
		4BC26AC93E898F93F55FD63C /* Pods */ = {
			isa = PBXGroup;
			children = (
				00B5286AB675DFFB5E761486 /* Pods-Euphoria.debug.xcconfig */,
				BE52ACBEF78299081CC944F8 /* Pods-Euphoria.release.xcconfig */,
			);
			name = Pods;
			sourceTree = "<group>";
		};
		756CF421B9F5B7374298A6AE /* Frameworks */ = {
			isa = PBXGroup;
			children = (
				35A05858C8C3D56EA48D0900 /* Pods_Euphoria.framework */,
			);
			name = Frameworks;
			sourceTree = "<group>";
		};
		DE4D60AD22126B7500D6904C /* Timer */ = {
			isa = PBXGroup;
			children = (
				DE4D60AE22126D5000D6904C /* EUSessionsViewController.swift */,
				DE7EF5EA2213A5FC004D9172 /* EUShowSessionViewController.swift */,
				DE4D60FB221294AB00D6904C /* EUTimerSetupViewController.swift */,
				DE4D60FD2212994200D6904C /* EUAddSessionViewController.swift */,
				DEA1521E221389A10035F7D5 /* EUSoundsViewController.swift */,
				DE4B9D612213C8CF0036664A /* EUTimerCountDownViewController.swift */,
			);
			path = Timer;
			sourceTree = "<group>";
		};
		DE4D60C72212811400D6904C /* Json */ = {
			isa = PBXGroup;
			children = (
				DE94C609220FD09800C4C2ED /* Questionnaire1.json */,
				DE5F6DA622103625008B4D12 /* Questionnaire2.json */,
				DEA8322022107AB30000BD43 /* Questionnaire3.json */,
				DEA83222221133930000BD43 /* Questionnaire4.json */,
				DEA83224221134C30000BD43 /* Questionnaire5.json */,
				DE00882B2212350200129D81 /* Exercises.json */,
				DE4D60E922128AED00D6904C /* Sounds.json */,
				DE9B730F2213F03900E82CFD /* Videos.json */,
			);
			path = Json;
			sourceTree = "<group>";
		};
		DE4D60C82212813100D6904C /* Sounds */ = {
			isa = PBXGroup;
			children = (
				DE4D60CC2212815900D6904C /* do-it.wav */,
				DE4D60CB2212815900D6904C /* got-it-1.wav */,
				DE4D60CE2212815900D6904C /* got-it-2.wav */,
				DE4D60CA2212815800D6904C /* grow-up.wav */,
				DE4D60CD2212815900D6904C /* too.wav */,
				DE4D60C92212815800D6904C /* yes-1.wav */,
				DE4D60CF2212815900D6904C /* yes-2.wav */,
			);
			path = Sounds;
			sourceTree = "<group>";
		};
		DE4D60E02212835700D6904C /* Activities */ = {
			isa = PBXGroup;
			children = (
				DE4D60E3221283C200D6904C /* EUActivitiesTableViewController.swift */,
			);
			path = Activities;
			sourceTree = "<group>";
		};
		DE4D60E12212837200D6904C /* History */ = {
			isa = PBXGroup;
			children = (
				DE4D60E52212857600D6904C /* EUHistoryTableViewController.swift */,
				DE713CB1221404B100010CBE /* EUHistoryIndexViewController.swift */,
				DE3A3ACB2214ACBD003538F9 /* EUHistoryPhotoViewController.swift */,
			);
			path = History;
			sourceTree = "<group>";
		};
		DE4D60E22212837F00D6904C /* Gallery */ = {
			isa = PBXGroup;
			children = (
				DE4D60E7221285B600D6904C /* EUGalleryTableViewController.swift */,
				DE9B730D2213EF2E00E82CFD /* EUVideosIndexTableViewController.swift */,
				DE9B73112213F0EF00E82CFD /* EUVideosViewController.swift */,
				DE9B73132213F10F00E82CFD /* EUVideoViewController.swift */,
			);
			path = Gallery;
			sourceTree = "<group>";
		};
		DE94C4D6220F74F200C4C2ED = {
			isa = PBXGroup;
			children = (
				DE94C4E1220F74F200C4C2ED /* Euphoria */,
				DE94C4F6220F74F200C4C2ED /* EuphoriaTests */,
				DE94C501220F74F200C4C2ED /* EuphoriaUITests */,
				DE94C4E0220F74F200C4C2ED /* Products */,
				4BC26AC93E898F93F55FD63C /* Pods */,
				756CF421B9F5B7374298A6AE /* Frameworks */,
			);
			sourceTree = "<group>";
		};
		DE94C4E0220F74F200C4C2ED /* Products */ = {
			isa = PBXGroup;
			children = (
				DE94C4DF220F74F200C4C2ED /* Euphoria.app */,
				DE94C4F3220F74F200C4C2ED /* EuphoriaTests.xctest */,
				DE94C4FE220F74F200C4C2ED /* EuphoriaUITests.xctest */,
			);
			name = Products;
			sourceTree = "<group>";
		};
		DE94C4E1220F74F200C4C2ED /* Euphoria */ = {
			isa = PBXGroup;
			children = (
				DE94C4E2220F74F200C4C2ED /* AppDelegate.swift */,
				DEE7F7372214CE6A00098F21 /* Networking */,
				DEA151F32213679C0035F7D5 /* Libraries */,
				DEA8324122115E220000BD43 /* Views */,
				DED5D5B0220FD36800CDE1AD /* Helper */,
				DE94C5B2220FC06C00C4C2ED /* CoreData */,
				DE94C52D220F87AF00C4C2ED /* Model */,
				DE94C524220F7CC300C4C2ED /* Constants */,
				DE94C521220F7C0A00C4C2ED /* Extensions */,
				DE94C510220F762900C4C2ED /* ViewController */,
				DEA83229221139750000BD43 /* Login.storyboard */,
				DE94C4E6220F74F200C4C2ED /* Main.storyboard */,
				DE94C51B220F7AB000C4C2ED /* Questionnaires.storyboard */,
				DEA83232221142B80000BD43 /* Diet.storyboard */,
				DEA83239221154740000BD43 /* Exercises.storyboard */,
				DE4D60D7221282CD00D6904C /* Activities.storyboard */,
				DE4D60DA221282E900D6904C /* History.storyboard */,
				DE4D60DD221282FB00D6904C /* Gallery.storyboard */,
				DE4D60AA221268CB00D6904C /* Timer.storyboard */,
				DE94C4E9220F74F200C4C2ED /* Assets.xcassets */,
				DE94C4EB220F74F200C4C2ED /* LaunchScreen.storyboard */,
				DE94C4EE220F74F200C4C2ED /* Info.plist */,
				DE94C5AF220FC00700C4C2ED /* Euphoria.xcdatamodeld */,
				DE4D60C72212811400D6904C /* Json */,
				DE4D60C82212813100D6904C /* Sounds */,
				DEA8322C22113A750000BD43 /* Concent.html */,
			);
			path = Euphoria;
			sourceTree = "<group>";
		};
		DE94C4F6220F74F200C4C2ED /* EuphoriaTests */ = {
			isa = PBXGroup;
			children = (
				DE94C4F7220F74F200C4C2ED /* EuphoriaTests.swift */,
				DE94C4F9220F74F200C4C2ED /* Info.plist */,
			);
			path = EuphoriaTests;
			sourceTree = "<group>";
		};
		DE94C501220F74F200C4C2ED /* EuphoriaUITests */ = {
			isa = PBXGroup;
			children = (
				DE94C502220F74F200C4C2ED /* EuphoriaUITests.swift */,
				DE94C504220F74F200C4C2ED /* Info.plist */,
			);
			path = EuphoriaUITests;
			sourceTree = "<group>";
		};
		DE94C510220F762900C4C2ED /* ViewController */ = {
			isa = PBXGroup;
			children = (
				DEA832262211391D0000BD43 /* Concent */,
				DEA8322F22113CF50000BD43 /* Login */,
				DEE7F7442214D3CB00098F21 /* Registration */,
				DE94C511220F764A00C4C2ED /* EUHomeTableViewController.swift */,
				DE4D60A8221265D900D6904C /* EUAccountViewController.swift */,
				DE94C51E220F7AEC00C4C2ED /* Questionnaires */,
				DEA83236221146560000BD43 /* Diet */,
				DEA8323C221154D20000BD43 /* Exercises */,
				DE4D60E02212835700D6904C /* Activities */,
				DE4D60E12212837200D6904C /* History */,
				DE4D60E22212837F00D6904C /* Gallery */,
				DE4D60AD22126B7500D6904C /* Timer */,
			);
			path = ViewController;
			sourceTree = "<group>";
		};
		DE94C51E220F7AEC00C4C2ED /* Questionnaires */ = {
			isa = PBXGroup;
			children = (
				DE94C51F220F7B0100C4C2ED /* EUQuestionnaireIndexTableViewController.swift */,
				DE94C529220F833D00C4C2ED /* EUQuestionnaireViewController.swift */,
			);
			path = Questionnaires;
			sourceTree = "<group>";
		};
		DE94C521220F7C0A00C4C2ED /* Extensions */ = {
			isa = PBXGroup;
			children = (
				DEE7F73E2214CEA000098F21 /* URLRequest+.swift */,
				DE94C522220F7C1B00C4C2ED /* UIViewController+.swift */,
				DE94C527220F801900C4C2ED /* UIImage+.swift */,
				DE94C530220F951300C4C2ED /* String+.swift */,
				DE94C56C220FA4E300C4C2ED /* UITextField+.swift */,
				DE94C56E220FA50600C4C2ED /* UIColor+.swift */,
			);
			path = Extensions;
			sourceTree = "<group>";
		};
		DE94C524220F7CC300C4C2ED /* Constants */ = {
			isa = PBXGroup;
			children = (
				DE94C525220F7CD400C4C2ED /* Enums.swift */,
				DED5D5B3220FD52400CDE1AD /* Constants.swift */,
			);
			path = Constants;
			sourceTree = "<group>";
		};
		DE94C52D220F87AF00C4C2ED /* Model */ = {
			isa = PBXGroup;
			children = (
				DEE7F7422214D09100098F21 /* EUUser.swift */,
				DEFB2CAA2212AB6600F2188C /* EUSession.swift */,
				DE713CAF2214026200010CBE /* EUHistory.swift */,
			);
			path = Model;
			sourceTree = "<group>";
		};
		DE94C5B2220FC06C00C4C2ED /* CoreData */ = {
			isa = PBXGroup;
			children = (
				DE9B73392213F2D200E82CFD /* Videos+CoreDataClass.swift */,
				DE9B733A2213F2D200E82CFD /* Videos+CoreDataProperties.swift */,
				DE9B73152213F23B00E82CFD /* Video+CoreDataClass.swift */,
				DE9B73162213F23B00E82CFD /* Video+CoreDataProperties.swift */,
				DE9B73172213F23B00E82CFD /* Sound+CoreDataClass.swift */,
				DE9B73182213F23B00E82CFD /* Sound+CoreDataProperties.swift */,
				DE9B731B2213F23B00E82CFD /* Questionnaire+CoreDataClass.swift */,
				DE9B731C2213F23B00E82CFD /* Questionnaire+CoreDataProperties.swift */,
				DE9B731D2213F23B00E82CFD /* Option+CoreDataClass.swift */,
				DE9B731E2213F23B00E82CFD /* Option+CoreDataProperties.swift */,
				DE9B731F2213F23B00E82CFD /* Session+CoreDataClass.swift */,
				DE9B73202213F23B00E82CFD /* Session+CoreDataProperties.swift */,
				DE9B73212213F23B00E82CFD /* Stop+CoreDataClass.swift */,
				DE9B73222213F23B00E82CFD /* Stop+CoreDataProperties.swift */,
				DE9B73232213F23B00E82CFD /* Exercises+CoreDataClass.swift */,
				DE9B73242213F23B00E82CFD /* Exercises+CoreDataProperties.swift */,
				DE9B73252213F23B00E82CFD /* Questionnaires+CoreDataClass.swift */,
				DE9B73262213F23B00E82CFD /* Questionnaires+CoreDataProperties.swift */,
			);
			path = CoreData;
			sourceTree = "<group>";
		};
		DEA151F32213679C0035F7D5 /* Libraries */ = {
			isa = PBXGroup;
			children = (
				DEA151F9221367CE0035F7D5 /* GSTimeIntervalPicker.h */,
				DEA151F8221367CE0035F7D5 /* GSTimeIntervalPicker.m */,
				DEA151F4221367B70035F7D5 /* Euphoria-Bridging-Header.h */,
			);
			path = Libraries;
			sourceTree = "<group>";
		};
		DEA832262211391D0000BD43 /* Concent */ = {
			isa = PBXGroup;
			children = (
				DEA83227221139440000BD43 /* EUConcentViewController.swift */,
			);
			path = Concent;
			sourceTree = "<group>";
		};
		DEA8322F22113CF50000BD43 /* Login */ = {
			isa = PBXGroup;
			children = (
				DEA8323022113D090000BD43 /* EULoginViewController.swift */,
			);
			path = Login;
			sourceTree = "<group>";
		};
		DEA83236221146560000BD43 /* Diet */ = {
			isa = PBXGroup;
			children = (
				DEA83237221146E30000BD43 /* EUDietIndexTableViewController.swift */,
			);
			path = Diet;
			sourceTree = "<group>";
		};
		DEA8323C221154D20000BD43 /* Exercises */ = {
			isa = PBXGroup;
			children = (
				DEA8323D221154F50000BD43 /* EUExercisesIndexTableViewController.swift */,
				DEA8323F221159A30000BD43 /* EUExercisesViewController.swift */,
				DE0088252212305F00129D81 /* EUExerciseVideoViewController.swift */,
			);
			path = Exercises;
			sourceTree = "<group>";
		};
		DEA8324122115E220000BD43 /* Views */ = {
			isa = PBXGroup;
			children = (
				DEA8324222115E3F0000BD43 /* EUVideosListCell.swift */,
				DEA151FF22137E3C0035F7D5 /* ResponderTableViewCell.swift */,
				DE9B733D2213F66000E82CFD /* VideoContainer.swift */,
			);
			path = Views;
			sourceTree = "<group>";
		};
		DED5D5B0220FD36800CDE1AD /* Helper */ = {
			isa = PBXGroup;
			children = (
				DED5D5B1220FD37900CDE1AD /* CoreDataHelper.swift */,
				DEE7F7402214D07300098F21 /* FacebookHelper.swift */,
			);
			path = Helper;
			sourceTree = "<group>";
		};
		DEE7F7372214CE6A00098F21 /* Networking */ = {
			isa = PBXGroup;
			children = (
				DEE7F73A2214CE7900098F21 /* APIManager.swift */,
				DEE7F7382214CE7900098F21 /* Response.swift */,
				DEE7F7392214CE7900098F21 /* Router.swift */,
			);
			path = Networking;
			sourceTree = "<group>";
		};
		DEE7F7442214D3CB00098F21 /* Registration */ = {
			isa = PBXGroup;
			children = (
				DEE7F7452214D3E300098F21 /* EURegistrationViewController.swift */,
			);
			path = Registration;
			sourceTree = "<group>";
		};
/* End PBXGroup section */

/* Begin PBXNativeTarget section */
		DE94C4DE220F74F200C4C2ED /* Euphoria */ = {
			isa = PBXNativeTarget;
			buildConfigurationList = DE94C507220F74F200C4C2ED /* Build configuration list for PBXNativeTarget "Euphoria" */;
			buildPhases = (
				FD96D9B6BA07DDD9C02AD8C6 /* [CP] Check Pods Manifest.lock */,
				DE94C4DB220F74F200C4C2ED /* Sources */,
				DE94C4DC220F74F200C4C2ED /* Frameworks */,
				DE94C4DD220F74F200C4C2ED /* Resources */,
				9552D2C857A0A365354CBC89 /* [CP] Embed Pods Frameworks */,
			);
			buildRules = (
			);
			dependencies = (
			);
			name = Euphoria;
			productName = Euphoria;
			productReference = DE94C4DF220F74F200C4C2ED /* Euphoria.app */;
			productType = "com.apple.product-type.application";
		};
		DE94C4F2220F74F200C4C2ED /* EuphoriaTests */ = {
			isa = PBXNativeTarget;
			buildConfigurationList = DE94C50A220F74F200C4C2ED /* Build configuration list for PBXNativeTarget "EuphoriaTests" */;
			buildPhases = (
				DE94C4EF220F74F200C4C2ED /* Sources */,
				DE94C4F0220F74F200C4C2ED /* Frameworks */,
				DE94C4F1220F74F200C4C2ED /* Resources */,
			);
			buildRules = (
			);
			dependencies = (
				DE94C4F5220F74F200C4C2ED /* PBXTargetDependency */,
			);
			name = EuphoriaTests;
			productName = EuphoriaTests;
			productReference = DE94C4F3220F74F200C4C2ED /* EuphoriaTests.xctest */;
			productType = "com.apple.product-type.bundle.unit-test";
		};
		DE94C4FD220F74F200C4C2ED /* EuphoriaUITests */ = {
			isa = PBXNativeTarget;
			buildConfigurationList = DE94C50D220F74F200C4C2ED /* Build configuration list for PBXNativeTarget "EuphoriaUITests" */;
			buildPhases = (
				DE94C4FA220F74F200C4C2ED /* Sources */,
				DE94C4FB220F74F200C4C2ED /* Frameworks */,
				DE94C4FC220F74F200C4C2ED /* Resources */,
			);
			buildRules = (
			);
			dependencies = (
				DE94C500220F74F200C4C2ED /* PBXTargetDependency */,
			);
			name = EuphoriaUITests;
			productName = EuphoriaUITests;
			productReference = DE94C4FE220F74F200C4C2ED /* EuphoriaUITests.xctest */;
			productType = "com.apple.product-type.bundle.ui-testing";
		};
/* End PBXNativeTarget section */

/* Begin PBXProject section */
		DE94C4D7220F74F200C4C2ED /* Project object */ = {
			isa = PBXProject;
			attributes = {
				LastSwiftUpdateCheck = 1010;
				LastUpgradeCheck = 1010;
				ORGANIZATIONNAME = "Guduru, Pradeep(AWF)";
				TargetAttributes = {
					DE94C4DE220F74F200C4C2ED = {
						CreatedOnToolsVersion = 10.1;
						LastSwiftMigration = 1010;
					};
					DE94C4F2220F74F200C4C2ED = {
						CreatedOnToolsVersion = 10.1;
						TestTargetID = DE94C4DE220F74F200C4C2ED;
					};
					DE94C4FD220F74F200C4C2ED = {
						CreatedOnToolsVersion = 10.1;
						TestTargetID = DE94C4DE220F74F200C4C2ED;
					};
				};
			};
			buildConfigurationList = DE94C4DA220F74F200C4C2ED /* Build configuration list for PBXProject "Euphoria" */;
			compatibilityVersion = "Xcode 9.3";
			developmentRegion = en;
			hasScannedForEncodings = 0;
			knownRegions = (
				en,
				Base,
			);
			mainGroup = DE94C4D6220F74F200C4C2ED;
			productRefGroup = DE94C4E0220F74F200C4C2ED /* Products */;
			projectDirPath = "";
			projectRoot = "";
			targets = (
				DE94C4DE220F74F200C4C2ED /* Euphoria */,
				DE94C4F2220F74F200C4C2ED /* EuphoriaTests */,
				DE94C4FD220F74F200C4C2ED /* EuphoriaUITests */,
			);
		};
/* End PBXProject section */

/* Begin PBXResourcesBuildPhase section */
		DE94C4DD220F74F200C4C2ED /* Resources */ = {
			isa = PBXResourcesBuildPhase;
			buildActionMask = 2147483647;
			files = (
				DE94C60A220FD09800C4C2ED /* Questionnaire1.json in Resources */,
				DEA8322D22113A750000BD43 /* Concent.html in Resources */,
				DE4D60D22212815A00D6904C /* got-it-1.wav in Resources */,
				DE94C4ED220F74F200C4C2ED /* LaunchScreen.storyboard in Resources */,
				DE4D60D12212815A00D6904C /* grow-up.wav in Resources */,
				DEA83225221134C30000BD43 /* Questionnaire5.json in Resources */,
				DE4D60D9221282CD00D6904C /* Activities.storyboard in Resources */,
				DE4D60EA22128AED00D6904C /* Sounds.json in Resources */,
				DEA8323B221154740000BD43 /* Exercises.storyboard in Resources */,
				DE4D60D32212815A00D6904C /* do-it.wav in Resources */,
				DE5F6DA722103625008B4D12 /* Questionnaire2.json in Resources */,
				DE94C4EA220F74F200C4C2ED /* Assets.xcassets in Resources */,
				DE4D60DC221282E900D6904C /* History.storyboard in Resources */,
				DE4D60D02212815A00D6904C /* yes-1.wav in Resources */,
				DE00882C2212350200129D81 /* Exercises.json in Resources */,
				DEA8322122107AB30000BD43 /* Questionnaire3.json in Resources */,
				DE94C51D220F7AB000C4C2ED /* Questionnaires.storyboard in Resources */,
				DE4D60AC221268CB00D6904C /* Timer.storyboard in Resources */,
				DEA83234221142B80000BD43 /* Diet.storyboard in Resources */,
				DEA83223221133930000BD43 /* Questionnaire4.json in Resources */,
				DE4D60D62212815A00D6904C /* yes-2.wav in Resources */,
				DE4D60D42212815A00D6904C /* too.wav in Resources */,
				DE4D60DF221282FB00D6904C /* Gallery.storyboard in Resources */,
				DEA8322B221139750000BD43 /* Login.storyboard in Resources */,
				DE94C4E8220F74F200C4C2ED /* Main.storyboard in Resources */,
				DE9B73102213F03900E82CFD /* Videos.json in Resources */,
				DE4D60D52212815A00D6904C /* got-it-2.wav in Resources */,
			);
			runOnlyForDeploymentPostprocessing = 0;
		};
		DE94C4F1220F74F200C4C2ED /* Resources */ = {
			isa = PBXResourcesBuildPhase;
			buildActionMask = 2147483647;
			files = (
			);
			runOnlyForDeploymentPostprocessing = 0;
		};
		DE94C4FC220F74F200C4C2ED /* Resources */ = {
			isa = PBXResourcesBuildPhase;
			buildActionMask = 2147483647;
			files = (
			);
			runOnlyForDeploymentPostprocessing = 0;
		};
/* End PBXResourcesBuildPhase section */

/* Begin PBXShellScriptBuildPhase section */
		9552D2C857A0A365354CBC89 /* [CP] Embed Pods Frameworks */ = {
			isa = PBXShellScriptBuildPhase;
			buildActionMask = 2147483647;
			files = (
			);
			inputFileListPaths = (
			);
			inputPaths = (
				"${SRCROOT}/Pods/Target Support Files/Pods-Euphoria/Pods-Euphoria-frameworks.sh",
				"${BUILT_PRODUCTS_DIR}/Bolts/Bolts.framework",
				"${BUILT_PRODUCTS_DIR}/FBSDKCoreKit/FBSDKCoreKit.framework",
				"${BUILT_PRODUCTS_DIR}/FBSDKLoginKit/FBSDKLoginKit.framework",
				"${BUILT_PRODUCTS_DIR}/MBProgressHUD/MBProgressHUD.framework",
			);
			name = "[CP] Embed Pods Frameworks";
			outputFileListPaths = (
			);
			outputPaths = (
				"${TARGET_BUILD_DIR}/${FRAMEWORKS_FOLDER_PATH}/Bolts.framework",
				"${TARGET_BUILD_DIR}/${FRAMEWORKS_FOLDER_PATH}/FBSDKCoreKit.framework",
				"${TARGET_BUILD_DIR}/${FRAMEWORKS_FOLDER_PATH}/FBSDKLoginKit.framework",
				"${TARGET_BUILD_DIR}/${FRAMEWORKS_FOLDER_PATH}/MBProgressHUD.framework",
			);
			runOnlyForDeploymentPostprocessing = 0;
			shellPath = /bin/sh;
			shellScript = "\"${SRCROOT}/Pods/Target Support Files/Pods-Euphoria/Pods-Euphoria-frameworks.sh\"\n";
			showEnvVarsInLog = 0;
		};
		FD96D9B6BA07DDD9C02AD8C6 /* [CP] Check Pods Manifest.lock */ = {
			isa = PBXShellScriptBuildPhase;
			buildActionMask = 2147483647;
			files = (
			);
			inputFileListPaths = (
			);
			inputPaths = (
				"${PODS_PODFILE_DIR_PATH}/Podfile.lock",
				"${PODS_ROOT}/Manifest.lock",
			);
			name = "[CP] Check Pods Manifest.lock";
			outputFileListPaths = (
			);
			outputPaths = (
				"$(DERIVED_FILE_DIR)/Pods-Euphoria-checkManifestLockResult.txt",
			);
			runOnlyForDeploymentPostprocessing = 0;
			shellPath = /bin/sh;
			shellScript = "diff \"${PODS_PODFILE_DIR_PATH}/Podfile.lock\" \"${PODS_ROOT}/Manifest.lock\" > /dev/null\nif [ $? != 0 ] ; then\n    # print error to STDERR\n    echo \"error: The sandbox is not in sync with the Podfile.lock. Run 'pod install' or update your CocoaPods installation.\" >&2\n    exit 1\nfi\n# This output is used by Xcode 'outputs' to avoid re-running this script phase.\necho \"SUCCESS\" > \"${SCRIPT_OUTPUT_FILE_0}\"\n";
			showEnvVarsInLog = 0;
		};
/* End PBXShellScriptBuildPhase section */

/* Begin PBXSourcesBuildPhase section */
		DE94C4DB220F74F200C4C2ED /* Sources */ = {
			isa = PBXSourcesBuildPhase;
			buildActionMask = 2147483647;
			files = (
				DE4D60E62212857600D6904C /* EUHistoryTableViewController.swift in Sources */,
				DE9B73382213F23B00E82CFD /* Questionnaires+CoreDataProperties.swift in Sources */,
				DED5D5B2220FD37900CDE1AD /* CoreDataHelper.swift in Sources */,
				DE9B732F2213F23B00E82CFD /* Option+CoreDataClass.swift in Sources */,
				DED5D5B4220FD52400CDE1AD /* Constants.swift in Sources */,
				DEA8323E221154F50000BD43 /* EUExercisesIndexTableViewController.swift in Sources */,
				DE94C523220F7C1B00C4C2ED /* UIViewController+.swift in Sources */,
				DE9B73302213F23B00E82CFD /* Option+CoreDataProperties.swift in Sources */,
				DE9B732A2213F23B00E82CFD /* Sound+CoreDataProperties.swift in Sources */,
				DEA8324322115E3F0000BD43 /* EUVideosListCell.swift in Sources */,
				DE9B73342213F23B00E82CFD /* Stop+CoreDataProperties.swift in Sources */,
				DE4D60A9221265D900D6904C /* EUAccountViewController.swift in Sources */,
				DEA1521F221389A10035F7D5 /* EUSoundsViewController.swift in Sources */,
				DEE7F73B2214CE7900098F21 /* Response.swift in Sources */,
				DEFB2CAB2212AB6600F2188C /* EUSession.swift in Sources */,
				DEE7F73D2214CE7900098F21 /* APIManager.swift in Sources */,
				DE7EF5EB2213A5FC004D9172 /* EUShowSessionViewController.swift in Sources */,
				DEA1520022137E3C0035F7D5 /* ResponderTableViewCell.swift in Sources */,
				DE4D60AF22126D5000D6904C /* EUSessionsViewController.swift in Sources */,
				DEA8323122113D090000BD43 /* EULoginViewController.swift in Sources */,
				DEA83240221159A30000BD43 /* EUExercisesViewController.swift in Sources */,
				DE9B73332213F23B00E82CFD /* Stop+CoreDataClass.swift in Sources */,
				DE9B733B2213F2D200E82CFD /* Videos+CoreDataClass.swift in Sources */,
				DE94C531220F951300C4C2ED /* String+.swift in Sources */,
				DE94C520220F7B0100C4C2ED /* EUQuestionnaireIndexTableViewController.swift in Sources */,
				DE94C512220F764A00C4C2ED /* EUHomeTableViewController.swift in Sources */,
				DE4D60FE2212994200D6904C /* EUAddSessionViewController.swift in Sources */,
				DE713CB2221404B100010CBE /* EUHistoryIndexViewController.swift in Sources */,
				DE94C56F220FA50600C4C2ED /* UIColor+.swift in Sources */,
				DE4D60E8221285B600D6904C /* EUGalleryTableViewController.swift in Sources */,
				DE94C52A220F833D00C4C2ED /* EUQuestionnaireViewController.swift in Sources */,
				DE9B73272213F23B00E82CFD /* Video+CoreDataClass.swift in Sources */,
				DEE7F7432214D09100098F21 /* EUUser.swift in Sources */,
				DE94C528220F801900C4C2ED /* UIImage+.swift in Sources */,
				DE94C5B1220FC00700C4C2ED /* Euphoria.xcdatamodeld in Sources */,
				DE3A3ACC2214ACBD003538F9 /* EUHistoryPhotoViewController.swift in Sources */,
				DE9B73362213F23B00E82CFD /* Exercises+CoreDataProperties.swift in Sources */,
				DE9B730E2213EF2E00E82CFD /* EUVideosIndexTableViewController.swift in Sources */,
				DE9B733C2213F2D200E82CFD /* Videos+CoreDataProperties.swift in Sources */,
				DE4D60FC221294AB00D6904C /* EUTimerSetupViewController.swift in Sources */,
				DEE7F7412214D07300098F21 /* FacebookHelper.swift in Sources */,
				DEE7F73F2214CEA000098F21 /* URLRequest+.swift in Sources */,
				DE9B73352213F23B00E82CFD /* Exercises+CoreDataClass.swift in Sources */,
				DE9B732D2213F23B00E82CFD /* Questionnaire+CoreDataClass.swift in Sources */,
				DE94C526220F7CD400C4C2ED /* Enums.swift in Sources */,
				DE713CB02214026200010CBE /* EUHistory.swift in Sources */,
				DE9B73312213F23B00E82CFD /* Session+CoreDataClass.swift in Sources */,
				DE9B732E2213F23B00E82CFD /* Questionnaire+CoreDataProperties.swift in Sources */,
				DE9B73372213F23B00E82CFD /* Questionnaires+CoreDataClass.swift in Sources */,
				DE9B73142213F10F00E82CFD /* EUVideoViewController.swift in Sources */,
				DE9B73322213F23B00E82CFD /* Session+CoreDataProperties.swift in Sources */,
				DEA151FA221367CE0035F7D5 /* GSTimeIntervalPicker.m in Sources */,
				DE4B9D622213C8CF0036664A /* EUTimerCountDownViewController.swift in Sources */,
				DE9B733E2213F66000E82CFD /* VideoContainer.swift in Sources */,
				DEE7F7462214D3E300098F21 /* EURegistrationViewController.swift in Sources */,
				DE94C4E3220F74F200C4C2ED /* AppDelegate.swift in Sources */,
				DE9B73122213F0EF00E82CFD /* EUVideosViewController.swift in Sources */,
				DEE7F73C2214CE7900098F21 /* Router.swift in Sources */,
				DE0088262212305F00129D81 /* EUExerciseVideoViewController.swift in Sources */,
				DE94C56D220FA4E300C4C2ED /* UITextField+.swift in Sources */,
				DE4D60E4221283C200D6904C /* EUActivitiesTableViewController.swift in Sources */,
				DE9B73282213F23B00E82CFD /* Video+CoreDataProperties.swift in Sources */,
				DEA83238221146E30000BD43 /* EUDietIndexTableViewController.swift in Sources */,
				DEA83228221139440000BD43 /* EUConcentViewController.swift in Sources */,
				DE9B73292213F23B00E82CFD /* Sound+CoreDataClass.swift in Sources */,
			);
			runOnlyForDeploymentPostprocessing = 0;
		};
		DE94C4EF220F74F200C4C2ED /* Sources */ = {
			isa = PBXSourcesBuildPhase;
			buildActionMask = 2147483647;
			files = (
				DE94C4F8220F74F200C4C2ED /* EuphoriaTests.swift in Sources */,
			);
			runOnlyForDeploymentPostprocessing = 0;
		};
		DE94C4FA220F74F200C4C2ED /* Sources */ = {
			isa = PBXSourcesBuildPhase;
			buildActionMask = 2147483647;
			files = (
				DE94C503220F74F200C4C2ED /* EuphoriaUITests.swift in Sources */,
			);
			runOnlyForDeploymentPostprocessing = 0;
		};
/* End PBXSourcesBuildPhase section */

/* Begin PBXTargetDependency section */
		DE94C4F5220F74F200C4C2ED /* PBXTargetDependency */ = {
			isa = PBXTargetDependency;
			target = DE94C4DE220F74F200C4C2ED /* Euphoria */;
			targetProxy = DE94C4F4220F74F200C4C2ED /* PBXContainerItemProxy */;
		};
		DE94C500220F74F200C4C2ED /* PBXTargetDependency */ = {
			isa = PBXTargetDependency;
			target = DE94C4DE220F74F200C4C2ED /* Euphoria */;
			targetProxy = DE94C4FF220F74F200C4C2ED /* PBXContainerItemProxy */;
		};
/* End PBXTargetDependency section */

/* Begin PBXVariantGroup section */
		DE4D60AA221268CB00D6904C /* Timer.storyboard */ = {
			isa = PBXVariantGroup;
			children = (
				DE4D60AB221268CB00D6904C /* Base */,
			);
			name = Timer.storyboard;
			sourceTree = "<group>";
		};
		DE4D60D7221282CD00D6904C /* Activities.storyboard */ = {
			isa = PBXVariantGroup;
			children = (
				DE4D60D8221282CD00D6904C /* Base */,
			);
			name = Activities.storyboard;
			sourceTree = "<group>";
		};
		DE4D60DA221282E900D6904C /* History.storyboard */ = {
			isa = PBXVariantGroup;
			children = (
				DE4D60DB221282E900D6904C /* Base */,
			);
			name = History.storyboard;
			sourceTree = "<group>";
		};
		DE4D60DD221282FB00D6904C /* Gallery.storyboard */ = {
			isa = PBXVariantGroup;
			children = (
				DE4D60DE221282FB00D6904C /* Base */,
			);
			name = Gallery.storyboard;
			sourceTree = "<group>";
		};
		DE94C4E6220F74F200C4C2ED /* Main.storyboard */ = {
			isa = PBXVariantGroup;
			children = (
				DE94C4E7220F74F200C4C2ED /* Base */,
			);
			name = Main.storyboard;
			sourceTree = "<group>";
		};
		DE94C4EB220F74F200C4C2ED /* LaunchScreen.storyboard */ = {
			isa = PBXVariantGroup;
			children = (
				DE94C4EC220F74F200C4C2ED /* Base */,
			);
			name = LaunchScreen.storyboard;
			sourceTree = "<group>";
		};
		DE94C51B220F7AB000C4C2ED /* Questionnaires.storyboard */ = {
			isa = PBXVariantGroup;
			children = (
				DE94C51C220F7AB000C4C2ED /* Base */,
			);
			name = Questionnaires.storyboard;
			sourceTree = "<group>";
		};
		DEA83229221139750000BD43 /* Login.storyboard */ = {
			isa = PBXVariantGroup;
			children = (
				DEA8322A221139750000BD43 /* Base */,
			);
			name = Login.storyboard;
			sourceTree = "<group>";
		};
		DEA83232221142B80000BD43 /* Diet.storyboard */ = {
			isa = PBXVariantGroup;
			children = (
				DEA83233221142B80000BD43 /* Base */,
			);
			name = Diet.storyboard;
			sourceTree = "<group>";
		};
		DEA83239221154740000BD43 /* Exercises.storyboard */ = {
			isa = PBXVariantGroup;
			children = (
				DEA8323A221154740000BD43 /* Base */,
			);
			name = Exercises.storyboard;
			sourceTree = "<group>";
		};
/* End PBXVariantGroup section */

/* Begin XCBuildConfiguration section */
		DE94C505220F74F200C4C2ED /* Debug */ = {
			isa = XCBuildConfiguration;
			buildSettings = {
				ALWAYS_SEARCH_USER_PATHS = NO;
				CLANG_ANALYZER_NONNULL = YES;
				CLANG_ANALYZER_NUMBER_OBJECT_CONVERSION = YES_AGGRESSIVE;
				CLANG_CXX_LANGUAGE_STANDARD = "gnu++14";
				CLANG_CXX_LIBRARY = "libc++";
				CLANG_ENABLE_MODULES = YES;
				CLANG_ENABLE_OBJC_ARC = YES;
				CLANG_ENABLE_OBJC_WEAK = YES;
				CLANG_WARN_BLOCK_CAPTURE_AUTORELEASING = YES;
				CLANG_WARN_BOOL_CONVERSION = YES;
				CLANG_WARN_COMMA = YES;
				CLANG_WARN_CONSTANT_CONVERSION = YES;
				CLANG_WARN_DEPRECATED_OBJC_IMPLEMENTATIONS = YES;
				CLANG_WARN_DIRECT_OBJC_ISA_USAGE = YES_ERROR;
				CLANG_WARN_DOCUMENTATION_COMMENTS = YES;
				CLANG_WARN_EMPTY_BODY = YES;
				CLANG_WARN_ENUM_CONVERSION = YES;
				CLANG_WARN_INFINITE_RECURSION = YES;
				CLANG_WARN_INT_CONVERSION = YES;
				CLANG_WARN_NON_LITERAL_NULL_CONVERSION = YES;
				CLANG_WARN_OBJC_IMPLICIT_RETAIN_SELF = YES;
				CLANG_WARN_OBJC_LITERAL_CONVERSION = YES;
				CLANG_WARN_OBJC_ROOT_CLASS = YES_ERROR;
				CLANG_WARN_RANGE_LOOP_ANALYSIS = YES;
				CLANG_WARN_STRICT_PROTOTYPES = YES;
				CLANG_WARN_SUSPICIOUS_MOVE = YES;
				CLANG_WARN_UNGUARDED_AVAILABILITY = YES_AGGRESSIVE;
				CLANG_WARN_UNREACHABLE_CODE = YES;
				CLANG_WARN__DUPLICATE_METHOD_MATCH = YES;
				CODE_SIGN_IDENTITY = "iPhone Developer";
				COPY_PHASE_STRIP = NO;
				DEBUG_INFORMATION_FORMAT = dwarf;
				ENABLE_STRICT_OBJC_MSGSEND = YES;
				ENABLE_TESTABILITY = YES;
				GCC_C_LANGUAGE_STANDARD = gnu11;
				GCC_DYNAMIC_NO_PIC = NO;
				GCC_NO_COMMON_BLOCKS = YES;
				GCC_OPTIMIZATION_LEVEL = 0;
				GCC_PREPROCESSOR_DEFINITIONS = (
					"DEBUG=1",
					"$(inherited)",
				);
				GCC_WARN_64_TO_32_BIT_CONVERSION = YES;
				GCC_WARN_ABOUT_RETURN_TYPE = YES_ERROR;
				GCC_WARN_UNDECLARED_SELECTOR = YES;
				GCC_WARN_UNINITIALIZED_AUTOS = YES_AGGRESSIVE;
				GCC_WARN_UNUSED_FUNCTION = YES;
				GCC_WARN_UNUSED_VARIABLE = YES;
				IPHONEOS_DEPLOYMENT_TARGET = 12.1;
				MTL_ENABLE_DEBUG_INFO = INCLUDE_SOURCE;
				MTL_FAST_MATH = YES;
				ONLY_ACTIVE_ARCH = YES;
				SDKROOT = iphoneos;
				SWIFT_ACTIVE_COMPILATION_CONDITIONS = DEBUG;
				SWIFT_OPTIMIZATION_LEVEL = "-Onone";
			};
			name = Debug;
		};
		DE94C506220F74F200C4C2ED /* Release */ = {
			isa = XCBuildConfiguration;
			buildSettings = {
				ALWAYS_SEARCH_USER_PATHS = NO;
				CLANG_ANALYZER_NONNULL = YES;
				CLANG_ANALYZER_NUMBER_OBJECT_CONVERSION = YES_AGGRESSIVE;
				CLANG_CXX_LANGUAGE_STANDARD = "gnu++14";
				CLANG_CXX_LIBRARY = "libc++";
				CLANG_ENABLE_MODULES = YES;
				CLANG_ENABLE_OBJC_ARC = YES;
				CLANG_ENABLE_OBJC_WEAK = YES;
				CLANG_WARN_BLOCK_CAPTURE_AUTORELEASING = YES;
				CLANG_WARN_BOOL_CONVERSION = YES;
				CLANG_WARN_COMMA = YES;
				CLANG_WARN_CONSTANT_CONVERSION = YES;
				CLANG_WARN_DEPRECATED_OBJC_IMPLEMENTATIONS = YES;
				CLANG_WARN_DIRECT_OBJC_ISA_USAGE = YES_ERROR;
				CLANG_WARN_DOCUMENTATION_COMMENTS = YES;
				CLANG_WARN_EMPTY_BODY = YES;
				CLANG_WARN_ENUM_CONVERSION = YES;
				CLANG_WARN_INFINITE_RECURSION = YES;
				CLANG_WARN_INT_CONVERSION = YES;
				CLANG_WARN_NON_LITERAL_NULL_CONVERSION = YES;
				CLANG_WARN_OBJC_IMPLICIT_RETAIN_SELF = YES;
				CLANG_WARN_OBJC_LITERAL_CONVERSION = YES;
				CLANG_WARN_OBJC_ROOT_CLASS = YES_ERROR;
				CLANG_WARN_RANGE_LOOP_ANALYSIS = YES;
				CLANG_WARN_STRICT_PROTOTYPES = YES;
				CLANG_WARN_SUSPICIOUS_MOVE = YES;
				CLANG_WARN_UNGUARDED_AVAILABILITY = YES_AGGRESSIVE;
				CLANG_WARN_UNREACHABLE_CODE = YES;
				CLANG_WARN__DUPLICATE_METHOD_MATCH = YES;
				CODE_SIGN_IDENTITY = "iPhone Developer";
				COPY_PHASE_STRIP = NO;
				DEBUG_INFORMATION_FORMAT = "dwarf-with-dsym";
				ENABLE_NS_ASSERTIONS = NO;
				ENABLE_STRICT_OBJC_MSGSEND = YES;
				GCC_C_LANGUAGE_STANDARD = gnu11;
				GCC_NO_COMMON_BLOCKS = YES;
				GCC_WARN_64_TO_32_BIT_CONVERSION = YES;
				GCC_WARN_ABOUT_RETURN_TYPE = YES_ERROR;
				GCC_WARN_UNDECLARED_SELECTOR = YES;
				GCC_WARN_UNINITIALIZED_AUTOS = YES_AGGRESSIVE;
				GCC_WARN_UNUSED_FUNCTION = YES;
				GCC_WARN_UNUSED_VARIABLE = YES;
				IPHONEOS_DEPLOYMENT_TARGET = 12.1;
				MTL_ENABLE_DEBUG_INFO = NO;
				MTL_FAST_MATH = YES;
				SDKROOT = iphoneos;
				SWIFT_COMPILATION_MODE = wholemodule;
				SWIFT_OPTIMIZATION_LEVEL = "-O";
				VALIDATE_PRODUCT = YES;
			};
			name = Release;
		};
		DE94C508220F74F200C4C2ED /* Debug */ = {
			isa = XCBuildConfiguration;
			baseConfigurationReference = 00B5286AB675DFFB5E761486 /* Pods-Euphoria.debug.xcconfig */;
			buildSettings = {
				ASSETCATALOG_COMPILER_APPICON_NAME = AppIcon;
				CLANG_ENABLE_MODULES = YES;
				CODE_SIGN_STYLE = Automatic;
				INFOPLIST_FILE = Euphoria/Info.plist;
				LD_RUNPATH_SEARCH_PATHS = (
					"$(inherited)",
					"@executable_path/Frameworks",
				);
				PRODUCT_BUNDLE_IDENTIFIER = com.pradeep.Euphoria;
				PRODUCT_NAME = "$(TARGET_NAME)";
				SWIFT_OBJC_BRIDGING_HEADER = "Euphoria/Libraries/Euphoria-Bridging-Header.h";
				SWIFT_OPTIMIZATION_LEVEL = "-Onone";
				SWIFT_VERSION = 4.2;
				TARGETED_DEVICE_FAMILY = "1,2";
			};
			name = Debug;
		};
		DE94C509220F74F200C4C2ED /* Release */ = {
			isa = XCBuildConfiguration;
			baseConfigurationReference = BE52ACBEF78299081CC944F8 /* Pods-Euphoria.release.xcconfig */;
			buildSettings = {
				ASSETCATALOG_COMPILER_APPICON_NAME = AppIcon;
				CLANG_ENABLE_MODULES = YES;
				CODE_SIGN_STYLE = Automatic;
				INFOPLIST_FILE = Euphoria/Info.plist;
				LD_RUNPATH_SEARCH_PATHS = (
					"$(inherited)",
					"@executable_path/Frameworks",
				);
				PRODUCT_BUNDLE_IDENTIFIER = com.pradeep.Euphoria;
				PRODUCT_NAME = "$(TARGET_NAME)";
				SWIFT_OBJC_BRIDGING_HEADER = "Euphoria/Libraries/Euphoria-Bridging-Header.h";
				SWIFT_VERSION = 4.2;
				TARGETED_DEVICE_FAMILY = "1,2";
			};
			name = Release;
		};
		DE94C50B220F74F200C4C2ED /* Debug */ = {
			isa = XCBuildConfiguration;
			buildSettings = {
				ALWAYS_EMBED_SWIFT_STANDARD_LIBRARIES = YES;
				BUNDLE_LOADER = "$(TEST_HOST)";
				CODE_SIGN_STYLE = Automatic;
				INFOPLIST_FILE = EuphoriaTests/Info.plist;
				LD_RUNPATH_SEARCH_PATHS = (
					"$(inherited)",
					"@executable_path/Frameworks",
					"@loader_path/Frameworks",
				);
				PRODUCT_BUNDLE_IDENTIFIER = com.pradeep.EuphoriaTests;
				PRODUCT_NAME = "$(TARGET_NAME)";
				SWIFT_VERSION = 4.2;
				TARGETED_DEVICE_FAMILY = "1,2";
				TEST_HOST = "$(BUILT_PRODUCTS_DIR)/Euphoria.app/Euphoria";
			};
			name = Debug;
		};
		DE94C50C220F74F200C4C2ED /* Release */ = {
			isa = XCBuildConfiguration;
			buildSettings = {
				ALWAYS_EMBED_SWIFT_STANDARD_LIBRARIES = YES;
				BUNDLE_LOADER = "$(TEST_HOST)";
				CODE_SIGN_STYLE = Automatic;
				INFOPLIST_FILE = EuphoriaTests/Info.plist;
				LD_RUNPATH_SEARCH_PATHS = (
					"$(inherited)",
					"@executable_path/Frameworks",
					"@loader_path/Frameworks",
				);
				PRODUCT_BUNDLE_IDENTIFIER = com.pradeep.EuphoriaTests;
				PRODUCT_NAME = "$(TARGET_NAME)";
				SWIFT_VERSION = 4.2;
				TARGETED_DEVICE_FAMILY = "1,2";
				TEST_HOST = "$(BUILT_PRODUCTS_DIR)/Euphoria.app/Euphoria";
			};
			name = Release;
		};
		DE94C50E220F74F200C4C2ED /* Debug */ = {
			isa = XCBuildConfiguration;
			buildSettings = {
				ALWAYS_EMBED_SWIFT_STANDARD_LIBRARIES = YES;
				CODE_SIGN_STYLE = Automatic;
				INFOPLIST_FILE = EuphoriaUITests/Info.plist;
				LD_RUNPATH_SEARCH_PATHS = (
					"$(inherited)",
					"@executable_path/Frameworks",
					"@loader_path/Frameworks",
				);
				PRODUCT_BUNDLE_IDENTIFIER = com.pradeep.EuphoriaUITests;
				PRODUCT_NAME = "$(TARGET_NAME)";
				SWIFT_VERSION = 4.2;
				TARGETED_DEVICE_FAMILY = "1,2";
				TEST_TARGET_NAME = Euphoria;
			};
			name = Debug;
		};
		DE94C50F220F74F200C4C2ED /* Release */ = {
			isa = XCBuildConfiguration;
			buildSettings = {
				ALWAYS_EMBED_SWIFT_STANDARD_LIBRARIES = YES;
				CODE_SIGN_STYLE = Automatic;
				INFOPLIST_FILE = EuphoriaUITests/Info.plist;
				LD_RUNPATH_SEARCH_PATHS = (
					"$(inherited)",
					"@executable_path/Frameworks",
					"@loader_path/Frameworks",
				);
				PRODUCT_BUNDLE_IDENTIFIER = com.pradeep.EuphoriaUITests;
				PRODUCT_NAME = "$(TARGET_NAME)";
				SWIFT_VERSION = 4.2;
				TARGETED_DEVICE_FAMILY = "1,2";
				TEST_TARGET_NAME = Euphoria;
			};
			name = Release;
		};
/* End XCBuildConfiguration section */

/* Begin XCConfigurationList section */
		DE94C4DA220F74F200C4C2ED /* Build configuration list for PBXProject "Euphoria" */ = {
			isa = XCConfigurationList;
			buildConfigurations = (
				DE94C505220F74F200C4C2ED /* Debug */,
				DE94C506220F74F200C4C2ED /* Release */,
			);
			defaultConfigurationIsVisible = 0;
			defaultConfigurationName = Release;
		};
		DE94C507220F74F200C4C2ED /* Build configuration list for PBXNativeTarget "Euphoria" */ = {
			isa = XCConfigurationList;
			buildConfigurations = (
				DE94C508220F74F200C4C2ED /* Debug */,
				DE94C509220F74F200C4C2ED /* Release */,
			);
			defaultConfigurationIsVisible = 0;
			defaultConfigurationName = Release;
		};
		DE94C50A220F74F200C4C2ED /* Build configuration list for PBXNativeTarget "EuphoriaTests" */ = {
			isa = XCConfigurationList;
			buildConfigurations = (
				DE94C50B220F74F200C4C2ED /* Debug */,
				DE94C50C220F74F200C4C2ED /* Release */,
			);
			defaultConfigurationIsVisible = 0;
			defaultConfigurationName = Release;
		};
		DE94C50D220F74F200C4C2ED /* Build configuration list for PBXNativeTarget "EuphoriaUITests" */ = {
			isa = XCConfigurationList;
			buildConfigurations = (
				DE94C50E220F74F200C4C2ED /* Debug */,
				DE94C50F220F74F200C4C2ED /* Release */,
			);
			defaultConfigurationIsVisible = 0;
			defaultConfigurationName = Release;
		};
/* End XCConfigurationList section */

/* Begin XCVersionGroup section */
		DE94C5AF220FC00700C4C2ED /* Euphoria.xcdatamodeld */ = {
			isa = XCVersionGroup;
			children = (
				DE94C5B0220FC00700C4C2ED /* Euphoria.xcdatamodel */,
			);
			currentVersion = DE94C5B0220FC00700C4C2ED /* Euphoria.xcdatamodel */;
			path = Euphoria.xcdatamodeld;
			sourceTree = "<group>";
			versionGroupType = wrapper.xcdatamodel;
		};
/* End XCVersionGroup section */
	};
	rootObject = DE94C4D7220F74F200C4C2ED /* Project object */;
}
